
Microsoft Visual Studio Solution File, Format Version 12.00
# Visual Studio Version 17
VisualStudioVersion = 17.6.33801.468
MinimumVisualStudioVersion = 10.0.40219.1
Project("{FAE04EC0-301F-11D3-BF4B-00C04F79EFBC}") = "NativeDump", "NativeDump\NativeDump.csproj", "{0DF612AE-47D8-422C-B0C5-0727EA60784F}"
EndProject
Project("{FAE04EC0-301F-11D3-BF4B-00C04F79EFBC}") = "Decoder", "Decoder\Decoder.csproj", "{FCB8EDCF-B918-49EC-9747-BC1D7CF876B6}"
EndProject
Global
	GlobalSection(SolutionConfigurationPlatforms) = preSolution
		Debug|Any CPU = Debug|Any CPU
		Debug|x64 = Debug|x64
		Release|Any CPU = Release|Any CPU
		Release|x64 = Release|x64
	EndGlobalSection
	GlobalSection(ProjectConfigurationPlatforms) = postSolution
		{0DF612AE-47D8-422C-B0C5-0727EA60784F}.Debug|Any CPU.ActiveCfg = Debug|Any CPU
		{0DF612AE-47D8-422C-B0C5-0727EA60784F}.Debug|Any CPU.Build.0 = Debug|Any CPU
		{0DF612AE-47D8-422C-B0C5-0727EA60784F}.Debug|x64.ActiveCfg = Debug|x64
		{0DF612AE-47D8-422C-B0C5-0727EA60784F}.Debug|x64.Build.0 = Debug|x64
		{0DF612AE-47D8-422C-B0C5-0727EA60784F}.Release|Any CPU.ActiveCfg = Release|Any CPU
		{0DF612AE-47D8-422C-B0C5-0727EA60784F}.Release|Any CPU.Build.0 = Release|Any CPU
		{0DF612AE-47D8-422C-B0C5-0727EA60784F}.Release|x64.ActiveCfg = Release|x64
		{0DF612AE-47D8-422C-B0C5-0727EA60784F}.Release|x64.Build.0 = Release|x64
		{FCB8EDCF-B918-49EC-9747-BC1D7CF876B6}.Debug|Any CPU.ActiveCfg = Debug|Any CPU
		{FCB8EDCF-B918-49EC-9747-BC1D7CF876B6}.Debug|Any CPU.Build.0 = Debug|Any CPU
		{FCB8EDCF-B918-49EC-9747-BC1D7CF876B6}.Debug|x64.ActiveCfg = Debug|Any CPU
		{FCB8EDCF-B918-49EC-9747-BC1D7CF876B6}.Debug|x64.Build.0 = Debug|Any CPU
		{FCB8EDCF-B918-49EC-9747-BC1D7CF876B6}.Release|Any CPU.ActiveCfg = Release|Any CPU
		{FCB8EDCF-B918-49EC-9747-BC1D7CF876B6}.Release|Any CPU.Build.0 = Release|Any CPU
		{FCB8EDCF-B918-49EC-9747-BC1D7CF876B6}.Release|x64.ActiveCfg = Release|Any CPU
		{FCB8EDCF-B918-49EC-9747-BC1D7CF876B6}.Release|x64.Build.0 = Release|Any CPU
	EndGlobalSection
	GlobalSection(SolutionProperties) = preSolution
		HideSolutionNode = FALSE
	EndGlobalSection
	GlobalSection(ExtensibilityGlobals) = postSolution
		SolutionGuid = {39AA2ACA-809A-4763-870E-8E36259F1CA2}
	EndGlobalSection
EndGlobal
